
Microsoft Visual Studio Solution File, Format Version 12.00
# Visual Studio Version 16
VisualStudioVersion = 16.0.30621.155
MinimumVisualStudioVersion = 10.0.40219.1
Project("{FAE04EC0-301F-11D3-BF4B-00C04F79EFBC}") = "3.1", "3.1\3.1.csproj", "{6848B4A7-AB92-41A2-A574-3E7EE824E24E}"
EndProject
Global
	GlobalSection(SolutionConfigurationPlatforms) = preSolution
		Debug|Any CPU = Debug|Any CPU
		Release|Any CPU = Release|Any CPU
	EndGlobalSection
	GlobalSection(ProjectConfigurationPlatforms) = postSolution
		{6848B4A7-AB92-41A2-A574-3E7EE824E24E}.Debug|Any CPU.ActiveCfg = Debug|Any CPU
		{6848B4A7-AB92-41A2-A574-3E7EE824E24E}.Debug|Any CPU.Build.0 = Debug|Any CPU
		{6848B4A7-AB92-41A2-A574-3E7EE824E24E}.Release|Any CPU.ActiveCfg = Release|Any CPU
		{6848B4A7-AB92-41A2-A574-3E7EE824E24E}.Release|Any CPU.Build.0 = Release|Any CPU
	EndGlobalSection
	GlobalSection(SolutionProperties) = preSolution
		HideSolutionNode = FALSE
	EndGlobalSection
	GlobalSection(ExtensibilityGlobals) = postSolution
		SolutionGuid = {B3336BB0-FD2F-4958-874C-6D60B4792A74}
	EndGlobalSection
EndGlobal
